
Microsoft Visual Studio Solution File, Format Version 12.00
# Visual Studio Version 17
VisualStudioVersion = 17.1.32210.238
MinimumVisualStudioVersion = 10.0.40219.1
Project("{FAE04EC0-301F-11D3-BF4B-00C04F79EFBC}") = "MigrationEngine", "MigrationEngine\MigrationEngine.csproj", "{555AC431-AFD4-4144-8C8E-C4AD32687CAF}"
EndProject
Project("{9A19103F-16F7-4668-BE54-9A1E7A4F7556}") = "MigrationEngine.Tests", "MigrationEngine.Tests\MigrationEngine.Tests.csproj", "{62892A61-A680-4F57-9DBC-1B41379D01E7}"
EndProject
Project("{9A19103F-16F7-4668-BE54-9A1E7A4F7556}") = "MigrationEngine.Sqlite", "MigrationEngine.Sqlite\MigrationEngine.Sqlite.csproj", "{C4D4744D-7624-4BDF-973D-6C811F153A5B}"
EndProject
Project("{FAE04EC0-301F-11D3-BF4B-00C04F79EFBC}") = "MigrationEngine.MySql", "MigrationEngine.Mysql\MigrationEngine.MySql.csproj", "{58FDF0FA-A47D-45CB-9BB8-3E7EB2EFD442}"
EndProject
Global
	GlobalSection(SolutionConfigurationPlatforms) = preSolution
		Debug|Any CPU = Debug|Any CPU
		Release|Any CPU = Release|Any CPU
	EndGlobalSection
	GlobalSection(ProjectConfigurationPlatforms) = postSolution
		{555AC431-AFD4-4144-8C8E-C4AD32687CAF}.Debug|Any CPU.ActiveCfg = Debug|Any CPU
		{555AC431-AFD4-4144-8C8E-C4AD32687CAF}.Debug|Any CPU.Build.0 = Debug|Any CPU
		{555AC431-AFD4-4144-8C8E-C4AD32687CAF}.Release|Any CPU.ActiveCfg = Release|Any CPU
		{555AC431-AFD4-4144-8C8E-C4AD32687CAF}.Release|Any CPU.Build.0 = Release|Any CPU
		{62892A61-A680-4F57-9DBC-1B41379D01E7}.Debug|Any CPU.ActiveCfg = Debug|Any CPU
		{62892A61-A680-4F57-9DBC-1B41379D01E7}.Debug|Any CPU.Build.0 = Debug|Any CPU
		{62892A61-A680-4F57-9DBC-1B41379D01E7}.Release|Any CPU.ActiveCfg = Release|Any CPU
		{62892A61-A680-4F57-9DBC-1B41379D01E7}.Release|Any CPU.Build.0 = Release|Any CPU
		{C4D4744D-7624-4BDF-973D-6C811F153A5B}.Debug|Any CPU.ActiveCfg = Debug|Any CPU
		{C4D4744D-7624-4BDF-973D-6C811F153A5B}.Debug|Any CPU.Build.0 = Debug|Any CPU
		{C4D4744D-7624-4BDF-973D-6C811F153A5B}.Release|Any CPU.ActiveCfg = Release|Any CPU
		{C4D4744D-7624-4BDF-973D-6C811F153A5B}.Release|Any CPU.Build.0 = Release|Any CPU
		{58FDF0FA-A47D-45CB-9BB8-3E7EB2EFD442}.Debug|Any CPU.ActiveCfg = Debug|Any CPU
		{58FDF0FA-A47D-45CB-9BB8-3E7EB2EFD442}.Debug|Any CPU.Build.0 = Debug|Any CPU
		{58FDF0FA-A47D-45CB-9BB8-3E7EB2EFD442}.Release|Any CPU.ActiveCfg = Release|Any CPU
		{58FDF0FA-A47D-45CB-9BB8-3E7EB2EFD442}.Release|Any CPU.Build.0 = Release|Any CPU
	EndGlobalSection
	GlobalSection(SolutionProperties) = preSolution
		HideSolutionNode = FALSE
	EndGlobalSection
	GlobalSection(ExtensibilityGlobals) = postSolution
		SolutionGuid = {78C074C6-D07C-4079-9898-AAF699B1396E}
	EndGlobalSection
EndGlobal
